
Microsoft Visual Studio Solution File, Format Version 12.00
# Visual Studio Version 17
VisualStudioVersion = 17.13.35931.197
MinimumVisualStudioVersion = 10.0.40219.1
Project("{FAE04EC0-301F-11D3-BF4B-00C04F79EFBC}") = "EasySaveV1", "EasySaveV1\EasySaveV1.csproj", "{E3623714-F36C-41CF-850C-EEE257397049}"
EndProject
Project("{FAE04EC0-301F-11D3-BF4B-00C04F79EFBC}") = "EasySaveLogging", "..\EasySaveLogging\EasySaveLogging.csproj", "{291AF0DE-ADA3-47FF-ADE0-AF17E632B718}"
EndProject
Project("{FAE04EC0-301F-11D3-BF4B-00C04F79EFBC}") = "EasySaveV1.1", "EasySaveV1.1\EasySaveV1.1.csproj", "{AAF6EBFA-FD87-4282-83B5-8ACC79F8BA86}"
EndProject
Project("{FAE04EC0-301F-11D3-BF4B-00C04F79EFBC}") = "EasySaveV2.0", "EasySaveV2.0\EasySaveV2.0.csproj", "{98EE0153-96F5-43B8-9C9D-A66EB4D5B3D8}"
EndProject
Global
	GlobalSection(SolutionConfigurationPlatforms) = preSolution
		Debug|Any CPU = Debug|Any CPU
		Release|Any CPU = Release|Any CPU
	EndGlobalSection
	GlobalSection(ProjectConfigurationPlatforms) = postSolution
		{E3623714-F36C-41CF-850C-EEE257397049}.Debug|Any CPU.ActiveCfg = Debug|Any CPU
		{E3623714-F36C-41CF-850C-EEE257397049}.Debug|Any CPU.Build.0 = Debug|Any CPU
		{E3623714-F36C-41CF-850C-EEE257397049}.Release|Any CPU.ActiveCfg = Release|Any CPU
		{E3623714-F36C-41CF-850C-EEE257397049}.Release|Any CPU.Build.0 = Release|Any CPU
		{291AF0DE-ADA3-47FF-ADE0-AF17E632B718}.Debug|Any CPU.ActiveCfg = Debug|Any CPU
		{291AF0DE-ADA3-47FF-ADE0-AF17E632B718}.Debug|Any CPU.Build.0 = Debug|Any CPU
		{291AF0DE-ADA3-47FF-ADE0-AF17E632B718}.Release|Any CPU.ActiveCfg = Release|Any CPU
		{291AF0DE-ADA3-47FF-ADE0-AF17E632B718}.Release|Any CPU.Build.0 = Release|Any CPU
		{AAF6EBFA-FD87-4282-83B5-8ACC79F8BA86}.Debug|Any CPU.ActiveCfg = Debug|Any CPU
		{AAF6EBFA-FD87-4282-83B5-8ACC79F8BA86}.Debug|Any CPU.Build.0 = Debug|Any CPU
		{AAF6EBFA-FD87-4282-83B5-8ACC79F8BA86}.Release|Any CPU.ActiveCfg = Release|Any CPU
		{AAF6EBFA-FD87-4282-83B5-8ACC79F8BA86}.Release|Any CPU.Build.0 = Release|Any CPU
		{98EE0153-96F5-43B8-9C9D-A66EB4D5B3D8}.Debug|Any CPU.ActiveCfg = Debug|Any CPU
		{98EE0153-96F5-43B8-9C9D-A66EB4D5B3D8}.Debug|Any CPU.Build.0 = Debug|Any CPU
		{98EE0153-96F5-43B8-9C9D-A66EB4D5B3D8}.Release|Any CPU.ActiveCfg = Release|Any CPU
		{98EE0153-96F5-43B8-9C9D-A66EB4D5B3D8}.Release|Any CPU.Build.0 = Release|Any CPU
	EndGlobalSection
	GlobalSection(SolutionProperties) = preSolution
		HideSolutionNode = FALSE
	EndGlobalSection
	GlobalSection(ExtensibilityGlobals) = postSolution
		SolutionGuid = {25B30CA6-294E-4A80-93A9-E2E01AD32C91}
	EndGlobalSection
EndGlobal
